
Microsoft Visual Studio Solution File, Format Version 12.00
# Visual Studio Version 17
VisualStudioVersion = 17.4.33122.133
MinimumVisualStudioVersion = 10.0.40219.1\
Project("{8BC9CEB8-8B4A-11D0-8D11-00A0C91BC942}") = "Sandbox", "Sandbox\Sandbox.vcxproj", "{71278059-971E-453C-B621-7A4036D43DA2}"
EndProject
Project("{8BC9CEB8-8B4A-11D0-8D11-00A0C91BC942}") = "voisu", "voisu\voisu.vcxproj", "{9E075CB7-F1F2-4C72-B4C5-CD19BDBBFF1F}"
EndProject
Global
	GlobalSection(SolutionConfigurationPlatforms) = preSolution
		Debug|x64 = Debug|x64
		Release|x64 = Release|x64
	EndGlobalSection
	GlobalSection(ProjectConfigurationPlatforms) = postSolution
		{9E075CB7-F1F2-4C72-B4C5-CD19BDBBFF1F}.Debug|x64.ActiveCfg = Debug|x64
		{9E075CB7-F1F2-4C72-B4C5-CD19BDBBFF1F}.Debug|x64.Build.0 = Debug|x64
		{9E075CB7-F1F2-4C72-B4C5-CD19BDBBFF1F}.Release|x64.ActiveCfg = Release|x64
		{9E075CB7-F1F2-4C72-B4C5-CD19BDBBFF1F}.Release|x64.Build.0 = Release|x64
		{71278059-971E-453C-B621-7A4036D43DA2}.Debug|x64.ActiveCfg = Debug|x64
		{71278059-971E-453C-B621-7A4036D43DA2}.Debug|x64.Build.0 = Debug|x64
		{71278059-971E-453C-B621-7A4036D43DA2}.Release|x64.ActiveCfg = Release|x64
		{71278059-971E-453C-B621-7A4036D43DA2}.Release|x64.Build.0 = Release|x64
	EndGlobalSection
	GlobalSection(SolutionProperties) = preSolution
		HideSolutionNode = FALSE
	EndGlobalSection
	GlobalSection(ExtensibilityGlobals) = postSolution
		SolutionGuid = {BC27BE1E-E14D-4767-872A-79B7AC95315E}
	EndGlobalSection
EndGlobal
